
Microsoft Visual Studio Solution File, Format Version 12.00
# Visual Studio Version 17
VisualStudioVersion = 17.14.36310.24 d17.14
MinimumVisualStudioVersion = 10.0.40219.1
Project("{FAE04EC0-301F-11D3-BF4B-00C04F79EFBC}") = "Klevify", "Klevify.csproj", "{B1FB517A-3152-4A1C-B47C-F8E9219BA70D}"
EndProject
Project("{2150E333-8FDC-42A3-9474-1A3956D46DE8}") = "Core", "Core", "{02EA681E-C7D8-13C7-8484-4AC65E1B71E8}"
EndProject
Project("{FAE04EC0-301F-11D3-BF4B-00C04F79EFBC}") = "Domain", "..\Domain\Domain.csproj", "{8F420EC3-A98E-449D-96E9-050C2C0870B2}"
EndProject
Project("{FAE04EC0-301F-11D3-BF4B-00C04F79EFBC}") = "Common", "..\Common\Common.csproj", "{0861927C-CCEA-40EE-A0E7-0A43B757B8DE}"
EndProject
Project("{FAE04EC0-301F-11D3-BF4B-00C04F79EFBC}") = "Application", "..\Application\Application.csproj", "{1490F661-10DF-40AC-8B00-5333D0ECEFC4}"
EndProject
Project("{FAE04EC0-301F-11D3-BF4B-00C04F79EFBC}") = "Infrastructure", "..\Infrastructure\Infrastructure.csproj", "{5AE7AE7C-1353-47B9-B797-007FB379E480}"
EndProject
Project("{FAE04EC0-301F-11D3-BF4B-00C04F79EFBC}") = "Presentation", "..\Presentation\Presentation.csproj", "{5CD8CE4C-4C1D-4EDA-8699-724AA9940BA4}"
EndProject
Global
	GlobalSection(SolutionConfigurationPlatforms) = preSolution
		Debug|Any CPU = Debug|Any CPU
		Release|Any CPU = Release|Any CPU
	EndGlobalSection
	GlobalSection(ProjectConfigurationPlatforms) = postSolution
		{B1FB517A-3152-4A1C-B47C-F8E9219BA70D}.Debug|Any CPU.ActiveCfg = Debug|Any CPU
		{B1FB517A-3152-4A1C-B47C-F8E9219BA70D}.Debug|Any CPU.Build.0 = Debug|Any CPU
		{B1FB517A-3152-4A1C-B47C-F8E9219BA70D}.Release|Any CPU.ActiveCfg = Release|Any CPU
		{B1FB517A-3152-4A1C-B47C-F8E9219BA70D}.Release|Any CPU.Build.0 = Release|Any CPU
		{8F420EC3-A98E-449D-96E9-050C2C0870B2}.Debug|Any CPU.ActiveCfg = Debug|Any CPU
		{8F420EC3-A98E-449D-96E9-050C2C0870B2}.Debug|Any CPU.Build.0 = Debug|Any CPU
		{8F420EC3-A98E-449D-96E9-050C2C0870B2}.Release|Any CPU.ActiveCfg = Release|Any CPU
		{8F420EC3-A98E-449D-96E9-050C2C0870B2}.Release|Any CPU.Build.0 = Release|Any CPU
		{0861927C-CCEA-40EE-A0E7-0A43B757B8DE}.Debug|Any CPU.ActiveCfg = Debug|Any CPU
		{0861927C-CCEA-40EE-A0E7-0A43B757B8DE}.Debug|Any CPU.Build.0 = Debug|Any CPU
		{0861927C-CCEA-40EE-A0E7-0A43B757B8DE}.Release|Any CPU.ActiveCfg = Release|Any CPU
		{0861927C-CCEA-40EE-A0E7-0A43B757B8DE}.Release|Any CPU.Build.0 = Release|Any CPU
		{1490F661-10DF-40AC-8B00-5333D0ECEFC4}.Debug|Any CPU.ActiveCfg = Debug|Any CPU
		{1490F661-10DF-40AC-8B00-5333D0ECEFC4}.Debug|Any CPU.Build.0 = Debug|Any CPU
		{1490F661-10DF-40AC-8B00-5333D0ECEFC4}.Release|Any CPU.ActiveCfg = Release|Any CPU
		{1490F661-10DF-40AC-8B00-5333D0ECEFC4}.Release|Any CPU.Build.0 = Release|Any CPU
		{5AE7AE7C-1353-47B9-B797-007FB379E480}.Debug|Any CPU.ActiveCfg = Debug|Any CPU
		{5AE7AE7C-1353-47B9-B797-007FB379E480}.Debug|Any CPU.Build.0 = Debug|Any CPU
		{5AE7AE7C-1353-47B9-B797-007FB379E480}.Release|Any CPU.ActiveCfg = Release|Any CPU
		{5AE7AE7C-1353-47B9-B797-007FB379E480}.Release|Any CPU.Build.0 = Release|Any CPU
		{5CD8CE4C-4C1D-4EDA-8699-724AA9940BA4}.Debug|Any CPU.ActiveCfg = Debug|Any CPU
		{5CD8CE4C-4C1D-4EDA-8699-724AA9940BA4}.Debug|Any CPU.Build.0 = Debug|Any CPU
		{5CD8CE4C-4C1D-4EDA-8699-724AA9940BA4}.Debug|Any CPU.Deploy.0 = Debug|Any CPU
		{5CD8CE4C-4C1D-4EDA-8699-724AA9940BA4}.Release|Any CPU.ActiveCfg = Release|Any CPU
		{5CD8CE4C-4C1D-4EDA-8699-724AA9940BA4}.Release|Any CPU.Build.0 = Release|Any CPU
		{5CD8CE4C-4C1D-4EDA-8699-724AA9940BA4}.Release|Any CPU.Deploy.0 = Release|Any CPU
	EndGlobalSection
	GlobalSection(SolutionProperties) = preSolution
		HideSolutionNode = FALSE
	EndGlobalSection
	GlobalSection(NestedProjects) = preSolution
		{8F420EC3-A98E-449D-96E9-050C2C0870B2} = {02EA681E-C7D8-13C7-8484-4AC65E1B71E8}
		{0861927C-CCEA-40EE-A0E7-0A43B757B8DE} = {02EA681E-C7D8-13C7-8484-4AC65E1B71E8}
	EndGlobalSection
	GlobalSection(ExtensibilityGlobals) = postSolution
		SolutionGuid = {CAE1C57D-7E6C-43B5-A870-FB62134F1A83}
	EndGlobalSection
EndGlobal
